
Microsoft Visual Studio Solution File, Format Version 12.00
# Visual Studio Version 17
VisualStudioVersion = 17.9.34701.34
MinimumVisualStudioVersion = 10.0.40219.1
Project("{FAE04EC0-301F-11D3-BF4B-00C04F79EFBC}") = "WebHookWpp", "WebHookWpp\WebHookWpp.csproj", "{E8B118C4-C9B5-4167-B8E5-E1F9F9BE8AF5}"
EndProject
Global
	GlobalSection(SolutionConfigurationPlatforms) = preSolution
		Debug|Any CPU = Debug|Any CPU
		Release|Any CPU = Release|Any CPU
	EndGlobalSection
	GlobalSection(ProjectConfigurationPlatforms) = postSolution
		{E8B118C4-C9B5-4167-B8E5-E1F9F9BE8AF5}.Debug|Any CPU.ActiveCfg = Debug|Any CPU
		{E8B118C4-C9B5-4167-B8E5-E1F9F9BE8AF5}.Debug|Any CPU.Build.0 = Debug|Any CPU
		{E8B118C4-C9B5-4167-B8E5-E1F9F9BE8AF5}.Release|Any CPU.ActiveCfg = Release|Any CPU
		{E8B118C4-C9B5-4167-B8E5-E1F9F9BE8AF5}.Release|Any CPU.Build.0 = Release|Any CPU
	EndGlobalSection
	GlobalSection(SolutionProperties) = preSolution
		HideSolutionNode = FALSE
	EndGlobalSection
	GlobalSection(ExtensibilityGlobals) = postSolution
		SolutionGuid = {4FE1DA1C-023D-4A10-8772-9A9660B7C61D}
	EndGlobalSection
EndGlobal
